
Microsoft Visual Studio Solution File, Format Version 12.00
# Visual Studio Version 17
VisualStudioVersion = 17.5.33516.290
MinimumVisualStudioVersion = 10.0.40219.1
Project("{FAE04EC0-301F-11D3-BF4B-00C04F79EFBC}") = "order_management", "order_management\order_management.csproj", "{B9E95553-A5D2-401D-8A3C-760CA7433317}"
EndProject
Global
	GlobalSection(SolutionConfigurationPlatforms) = preSolution
		Debug|Any CPU = Debug|Any CPU
		Release|Any CPU = Release|Any CPU
	EndGlobalSection
	GlobalSection(ProjectConfigurationPlatforms) = postSolution
		{B9E95553-A5D2-401D-8A3C-760CA7433317}.Debug|Any CPU.ActiveCfg = Debug|Any CPU
		{B9E95553-A5D2-401D-8A3C-760CA7433317}.Debug|Any CPU.Build.0 = Debug|Any CPU
		{B9E95553-A5D2-401D-8A3C-760CA7433317}.Release|Any CPU.ActiveCfg = Release|Any CPU
		{B9E95553-A5D2-401D-8A3C-760CA7433317}.Release|Any CPU.Build.0 = Release|Any CPU
	EndGlobalSection
	GlobalSection(SolutionProperties) = preSolution
		HideSolutionNode = FALSE
	EndGlobalSection
	GlobalSection(ExtensibilityGlobals) = postSolution
		SolutionGuid = {4857343B-2FA5-4968-8F98-5A9FB7E2FCC2}
	EndGlobalSection
EndGlobal
